
Microsoft Visual Studio Solution File, Format Version 12.00
# Visual Studio Version 16
VisualStudioVersion = 25.0.1706.6
MinimumVisualStudioVersion = 10.0.40219.1
Project("{FAE04EC0-301F-11D3-BF4B-00C04F79EFBC}") = "FixDriveApp", "FixDriveApp\FixDriveApp.csproj", "{16FDEF66-A69A-4B4B-ADB3-5CD4D5258732}"
EndProject
Global
	GlobalSection(SolutionConfigurationPlatforms) = preSolution
		Debug|Any CPU = Debug|Any CPU
		Release|Any CPU = Release|Any CPU
	EndGlobalSection
	GlobalSection(ProjectConfigurationPlatforms) = postSolution
		{16FDEF66-A69A-4B4B-ADB3-5CD4D5258732}.Debug|Any CPU.ActiveCfg = Debug|Any CPU
		{16FDEF66-A69A-4B4B-ADB3-5CD4D5258732}.Debug|Any CPU.Build.0 = Debug|Any CPU
		{16FDEF66-A69A-4B4B-ADB3-5CD4D5258732}.Release|Any CPU.ActiveCfg = Release|Any CPU
		{16FDEF66-A69A-4B4B-ADB3-5CD4D5258732}.Release|Any CPU.Build.0 = Release|Any CPU
	EndGlobalSection
	GlobalSection(SolutionProperties) = preSolution
		HideSolutionNode = FALSE
	EndGlobalSection
	GlobalSection(ExtensibilityGlobals) = postSolution
		SolutionGuid = {ED5478B3-E7C0-4DE1-A16E-0377C625F338}
	EndGlobalSection
EndGlobal
